// !$*UTF8*$!
{
	archiveVersion = 1;
	classes = {
	};
	objectVersion = 46;
	objects = {

/* Begin PBXBuildFile section */
		0C53A9EE1B56134F004F2642 /* RSSignatureViewManager.m in Sources */ = {isa = PBXBuildFile; fileRef = 0C53A9ED1B56134F004F2642 /* RSSignatureViewManager.m */; };
		0C53A9F31B5613AF004F2642 /* PPSSignatureView.m in Sources */ = {isa = PBXBuildFile; fileRef = 0C53A9F01B5613AF004F2642 /* PPSSignatureView.m */; };
		0C53A9F41B5613AF004F2642 /* RSSignatureView.m in Sources */ = {isa = PBXBuildFile; fileRef = 0C53A9F21B5613AF004F2642 /* RSSignatureView.m */; };
		FA00000000000000000000B1 /* PPSSignatureViewTests.m in Sources */ = {isa = PBXBuildFile; fileRef = FA00000000000000000000A1 /* PPSSignatureViewTests.m */; };
		FA00000000000000000000B2 /* RSSignatureViewManagerTests.m in Sources */ = {isa = PBXBuildFile; fileRef = FA00000000000000000000A2 /* RSSignatureViewManagerTests.m */; };
		FA00000000000000000000B3 /* RSSignatureViewTests.m in Sources */ = {isa = PBXBuildFile; fileRef = FA00000000000000000000A3 /* RSSignatureViewTests.m */; };
		FA00000000000000000000B4 /* PPSSignatureView.m in Sources */ = {isa = PBXBuildFile; fileRef = 0C53A9F01B5613AF004F2642 /* PPSSignatureView.m */; };
		FA00000000000000000000B5 /* RSSignatureView.m in Sources */ = {isa = PBXBuildFile; fileRef = 0C53A9F21B5613AF004F2642 /* RSSignatureView.m */; };
		FA00000000000000000000B6 /* RSSignatureViewManager.m in Sources */ = {isa = PBXBuildFile; fileRef = 0C53A9ED1B56134F004F2642 /* RSSignatureViewManager.m */; };
		FA00000000000000000000B7 /* ReactStubs.m in Sources */ = {isa = PBXBuildFile; fileRef = FA00000000000000000000A7 /* ReactStubs.m */; };
/* End PBXBuildFile section */

/* Begin PBXCopyFilesBuildPhase section */
		0C53A99C1B56113D004F2642 /* CopyFiles */ = {
			isa = PBXCopyFilesBuildPhase;
			buildActionMask = 2147483647;
			dstPath = "include/$(PRODUCT_NAME)";
			dstSubfolderSpec = 16;
			files = (
			);
			runOnlyForDeploymentPostprocessing = 0;
		};
/* End PBXCopyFilesBuildPhase section */

/* Begin PBXFileReference section */
		0C53A99E1B56113D004F2642 /* libRSSignatureCapture.a */ = {isa = PBXFileReference; explicitFileType = archive.ar; includeInIndex = 0; path = libRSSignatureCapture.a; sourceTree = BUILT_PRODUCTS_DIR; };
		0C53A9EC1B56134F004F2642 /* RSSignatureViewManager.h */ = {isa = PBXFileReference; fileEncoding = 4; lastKnownFileType = sourcecode.c.h; path = RSSignatureViewManager.h; sourceTree = "<group>"; };
		0C53A9ED1B56134F004F2642 /* RSSignatureViewManager.m */ = {isa = PBXFileReference; fileEncoding = 4; lastKnownFileType = sourcecode.c.objc; path = RSSignatureViewManager.m; sourceTree = "<group>"; };
		0C53A9EF1B5613AF004F2642 /* PPSSignatureView.h */ = {isa = PBXFileReference; fileEncoding = 4; lastKnownFileType = sourcecode.c.h; path = PPSSignatureView.h; sourceTree = "<group>"; };
		0C53A9F01B5613AF004F2642 /* PPSSignatureView.m */ = {isa = PBXFileReference; fileEncoding = 4; lastKnownFileType = sourcecode.c.objc; path = PPSSignatureView.m; sourceTree = "<group>"; };
		0C53A9F11B5613AF004F2642 /* RSSignatureView.h */ = {isa = PBXFileReference; fileEncoding = 4; lastKnownFileType = sourcecode.c.h; path = RSSignatureView.h; sourceTree = "<group>"; };
		0C53A9F21B5613AF004F2642 /* RSSignatureView.m */ = {isa = PBXFileReference; fileEncoding = 4; lastKnownFileType = sourcecode.c.objc; path = RSSignatureView.m; sourceTree = "<group>"; };
		FA00000000000000000000A1 /* PPSSignatureViewTests.m */ = {isa = PBXFileReference; fileEncoding = 4; lastKnownFileType = sourcecode.c.objc; path = PPSSignatureViewTests.m; sourceTree = "<group>"; };
		FA00000000000000000000A2 /* RSSignatureViewManagerTests.m */ = {isa = PBXFileReference; fileEncoding = 4; lastKnownFileType = sourcecode.c.objc; path = RSSignatureViewManagerTests.m; sourceTree = "<group>"; };
		FA00000000000000000000A3 /* RSSignatureViewTests.m */ = {isa = PBXFileReference; fileEncoding = 4; lastKnownFileType = sourcecode.c.objc; path = RSSignatureViewTests.m; sourceTree = "<group>"; };
		FA00000000000000000000A4 /* Info.plist */ = {isa = PBXFileReference; fileEncoding = 4; lastKnownFileType = text.plist.xml; path = Info.plist; sourceTree = "<group>"; };
		FA00000000000000000000A6 /* RSSignatureCaptureTests.xctest */ = {isa = PBXFileReference; explicitFileType = wrapper.cfbundle; includeInIndex = 0; path = RSSignatureCaptureTests.xctest; sourceTree = BUILT_PRODUCTS_DIR; };
		FA00000000000000000000A7 /* ReactStubs.m */ = {isa = PBXFileReference; fileEncoding = 4; lastKnownFileType = sourcecode.c.objc; path = ReactStubs.m; sourceTree = "<group>"; };
/* End PBXFileReference section */

/* Begin PBXFrameworksBuildPhase section */
		0C53A99B1B56113D004F2642 /* Frameworks */ = {
			isa = PBXFrameworksBuildPhase;
			buildActionMask = 2147483647;
			files = (
			);
			runOnlyForDeploymentPostprocessing = 0;
		};
		FA00000000000000000000C2 /* Frameworks */ = {
			isa = PBXFrameworksBuildPhase;
			buildActionMask = 2147483647;
			files = (
			);
			runOnlyForDeploymentPostprocessing = 0;
		};
/* End PBXFrameworksBuildPhase section */

/* Begin PBXGroup section */
		0C53A9951B56113D004F2642 = {
			isa = PBXGroup;
			children = (
				0C53A9EF1B5613AF004F2642 /* PPSSignatureView.h */,
				0C53A9F01B5613AF004F2642 /* PPSSignatureView.m */,
				0C53A9F11B5613AF004F2642 /* RSSignatureView.h */,
				0C53A9F21B5613AF004F2642 /* RSSignatureView.m */,
				0C53A9EC1B56134F004F2642 /* RSSignatureViewManager.h */,
				0C53A9ED1B56134F004F2642 /* RSSignatureViewManager.m */,
				FA00000000000000000000A5 /* RSSignatureCaptureTests */,
				FA00000000000000000000A8 /* ReactStubs */,
				0C53A99F1B56113D004F2642 /* Products */,
			);
			sourceTree = "<group>";
		};
		0C53A99F1B56113D004F2642 /* Products */ = {
			isa = PBXGroup;
			children = (
				0C53A99E1B56113D004F2642 /* libRSSignatureCapture.a */,
				FA00000000000000000000A6 /* RSSignatureCaptureTests.xctest */,
			);
			name = Products;
			sourceTree = "<group>";
		};
		FA00000000000000000000A5 /* RSSignatureCaptureTests */ = {
			isa = PBXGroup;
			children = (
				FA00000000000000000000A1 /* PPSSignatureViewTests.m */,
				FA00000000000000000000A2 /* RSSignatureViewManagerTests.m */,
				FA00000000000000000000A3 /* RSSignatureViewTests.m */,
				FA00000000000000000000A4 /* Info.plist */,
			);
			path = RSSignatureCaptureTests;
			sourceTree = "<group>";
		};
		FA00000000000000000000A8 /* ReactStubs */ = {
			isa = PBXGroup;
			children = (
				FA00000000000000000000A7 /* ReactStubs.m */,
			);
			path = ReactStubs;
			sourceTree = "<group>";
		};
/* End PBXGroup section */

/* Begin PBXNativeTarget section */
		0C53A99D1B56113D004F2642 /* RSSignatureCapture */ = {
			isa = PBXNativeTarget;
			buildConfigurationList = 0C53A9B21B56113D004F2642 /* Build configuration list for PBXNativeTarget "RSSignatureCapture" */;
			buildPhases = (
				0C53A99A1B56113D004F2642 /* Sources */,
				0C53A99B1B56113D004F2642 /* Frameworks */,
				0C53A99C1B56113D004F2642 /* CopyFiles */,
			);
			buildRules = (
			);
			dependencies = (
			);
			name = RSSignatureCapture;
			productName = RSSignatureCapture;
			productReference = 0C53A99E1B56113D004F2642 /* libRSSignatureCapture.a */;
			productType = "com.apple.product-type.library.static";
		};
		FA00000000000000000000D1 /* RSSignatureCaptureTests */ = {
			isa = PBXNativeTarget;
			buildConfigurationList = FA00000000000000000000D2 /* Build configuration list for PBXNativeTarget "RSSignatureCaptureTests" */;
			buildPhases = (
				FA00000000000000000000C1 /* Sources */,
				FA00000000000000000000C2 /* Frameworks */,
				FA00000000000000000000C3 /* Resources */,
			);
			buildRules = (
			);
			dependencies = (
			);
			name = RSSignatureCaptureTests;
			productName = RSSignatureCaptureTests;
			productReference = FA00000000000000000000A6 /* RSSignatureCaptureTests.xctest */;
			productType = "com.apple.product-type.bundle.unit-test";
		};
/* End PBXNativeTarget section */

/* Begin PBXProject section */
		0C53A9961B56113D004F2642 /* Project object */ = {
			isa = PBXProject;
			attributes = {
				LastUpgradeCheck = 0640;
				ORGANIZATIONNAME = RepairShopr;
				TargetAttributes = {
					0C53A99D1B56113D004F2642 = {
						CreatedOnToolsVersion = 6.4;
					};
					FA00000000000000000000D1 = {
						CreatedOnToolsVersion = 15.0;
					};
				};
			};
			buildConfigurationList = 0C53A9991B56113D004F2642 /* Build configuration list for PBXProject "RSSignatureCapture" */;
			compatibilityVersion = "Xcode 3.2";
			developmentRegion = English;
			hasScannedForEncodings = 0;
			knownRegions = (
				en,
			);
			mainGroup = 0C53A9951B56113D004F2642;
			productRefGroup = 0C53A99F1B56113D004F2642 /* Products */;
			projectDirPath = "";
			projectRoot = "";
			targets = (
				0C53A99D1B56113D004F2642 /* RSSignatureCapture */,
				FA00000000000000000000D1 /* RSSignatureCaptureTests */,
			);
		};
/* End PBXProject section */

/* Begin PBXResourcesBuildPhase section */
		FA00000000000000000000C3 /* Resources */ = {
			isa = PBXResourcesBuildPhase;
			buildActionMask = 2147483647;
			files = (
			);
			runOnlyForDeploymentPostprocessing = 0;
		};
/* End PBXResourcesBuildPhase section */

/* Begin PBXSourcesBuildPhase section */
		0C53A99A1B56113D004F2642 /* Sources */ = {
			isa = PBXSourcesBuildPhase;
			buildActionMask = 2147483647;
			files = (
				0C53A9EE1B56134F004F2642 /* RSSignatureViewManager.m in Sources */,
				0C53A9F41B5613AF004F2642 /* RSSignatureView.m in Sources */,
				0C53A9F31B5613AF004F2642 /* PPSSignatureView.m in Sources */,
			);
			runOnlyForDeploymentPostprocessing = 0;
		};
		FA00000000000000000000C1 /* Sources */ = {
			isa = PBXSourcesBuildPhase;
			buildActionMask = 2147483647;
			files = (
				FA00000000000000000000B4 /* PPSSignatureView.m in Sources */,
				FA00000000000000000000B5 /* RSSignatureView.m in Sources */,
				FA00000000000000000000B6 /* RSSignatureViewManager.m in Sources */,
				FA00000000000000000000B7 /* ReactStubs.m in Sources */,
				FA00000000000000000000B1 /* PPSSignatureViewTests.m in Sources */,
				FA00000000000000000000B2 /* RSSignatureViewManagerTests.m in Sources */,
				FA00000000000000000000B3 /* RSSignatureViewTests.m in Sources */,
			);
			runOnlyForDeploymentPostprocessing = 0;
		};
/* End PBXSourcesBuildPhase section */

/* Begin XCBuildConfiguration section */
		0C53A9B01B56113D004F2642 /* Debug */ = {
			isa = XCBuildConfiguration;
			buildSettings = {
				ALWAYS_SEARCH_USER_PATHS = NO;
				CLANG_CXX_LANGUAGE_STANDARD = "gnu++0x";
				CLANG_CXX_LIBRARY = "libc++";
				CLANG_ENABLE_MODULES = YES;
				CLANG_ENABLE_OBJC_ARC = YES;
				CLANG_WARN_BOOL_CONVERSION = YES;
				CLANG_WARN_CONSTANT_CONVERSION = YES;
				CLANG_WARN_DIRECT_OBJC_ISA_USAGE = YES_ERROR;
				CLANG_WARN_EMPTY_BODY = YES;
				CLANG_WARN_ENUM_CONVERSION = YES;
				CLANG_WARN_INT_CONVERSION = YES;
				CLANG_WARN_OBJC_ROOT_CLASS = YES_ERROR;
				CLANG_WARN_UNREACHABLE_CODE = YES;
				CLANG_WARN__DUPLICATE_METHOD_MATCH = YES;
				COPY_PHASE_STRIP = NO;
				DEBUG_INFORMATION_FORMAT = "dwarf-with-dsym";
				ENABLE_STRICT_OBJC_MSGSEND = YES;
				GCC_C_LANGUAGE_STANDARD = gnu99;
				GCC_DYNAMIC_NO_PIC = NO;
				GCC_NO_COMMON_BLOCKS = YES;
				GCC_OPTIMIZATION_LEVEL = 0;
				GCC_PREPROCESSOR_DEFINITIONS = (
					"DEBUG=1",
					"$(inherited)",
				);
				GCC_SYMBOLS_PRIVATE_EXTERN = NO;
				GCC_WARN_64_TO_32_BIT_CONVERSION = YES;
				GCC_WARN_ABOUT_RETURN_TYPE = YES_ERROR;
				GCC_WARN_UNDECLARED_SELECTOR = YES;
				GCC_WARN_UNINITIALIZED_AUTOS = YES_AGGRESSIVE;
				GCC_WARN_UNUSED_FUNCTION = YES;
				GCC_WARN_UNUSED_VARIABLE = YES;
				IPHONEOS_DEPLOYMENT_TARGET = 8.4;
				MTL_ENABLE_DEBUG_INFO = YES;
				ONLY_ACTIVE_ARCH = YES;
				SDKROOT = iphoneos;
			};
			name = Debug;
		};
		0C53A9B11B56113D004F2642 /* Release */ = {
			isa = XCBuildConfiguration;
			buildSettings = {
				ALWAYS_SEARCH_USER_PATHS = NO;
				CLANG_CXX_LANGUAGE_STANDARD = "gnu++0x";
				CLANG_CXX_LIBRARY = "libc++";
				CLANG_ENABLE_MODULES = YES;
				CLANG_ENABLE_OBJC_ARC = YES;
				CLANG_WARN_BOOL_CONVERSION = YES;
				CLANG_WARN_CONSTANT_CONVERSION = YES;
				CLANG_WARN_DIRECT_OBJC_ISA_USAGE = YES_ERROR;
				CLANG_WARN_EMPTY_BODY = YES;
				CLANG_WARN_ENUM_CONVERSION = YES;
				CLANG_WARN_INT_CONVERSION = YES;
				CLANG_WARN_OBJC_ROOT_CLASS = YES_ERROR;
				CLANG_WARN_UNREACHABLE_CODE = YES;
				CLANG_WARN__DUPLICATE_METHOD_MATCH = YES;
				COPY_PHASE_STRIP = NO;
				DEBUG_INFORMATION_FORMAT = "dwarf-with-dsym";
				ENABLE_NS_ASSERTIONS = NO;
				ENABLE_STRICT_OBJC_MSGSEND = YES;
				GCC_C_LANGUAGE_STANDARD = gnu99;
				GCC_NO_COMMON_BLOCKS = YES;
				GCC_WARN_64_TO_32_BIT_CONVERSION = YES;
				GCC_WARN_ABOUT_RETURN_TYPE = YES_ERROR;
				GCC_WARN_UNDECLARED_SELECTOR = YES;
				GCC_WARN_UNINITIALIZED_AUTOS = YES_AGGRESSIVE;
				GCC_WARN_UNUSED_FUNCTION = YES;
				GCC_WARN_UNUSED_VARIABLE = YES;
				IPHONEOS_DEPLOYMENT_TARGET = 8.4;
				MTL_ENABLE_DEBUG_INFO = NO;
				SDKROOT = iphoneos;
				VALIDATE_PRODUCT = YES;
			};
			name = Release;
		};
		0C53A9B31B56113D004F2642 /* Debug */ = {
			isa = XCBuildConfiguration;
			buildSettings = {
				HEADER_SEARCH_PATHS = (
					"$(inherited)",
					/Applications/Xcode.app/Contents/Developer/Toolchains/XcodeDefault.xctoolchain/usr/include,
					"$(SRCROOT)/../../react-native/React/**",
					"$(SRCROOT)/../../../React/**",
				);
				OTHER_LDFLAGS = "-ObjC";
				PRODUCT_NAME = "$(TARGET_NAME)";
				SKIP_INSTALL = YES;
			};
			name = Debug;
		};
		0C53A9B41B56113D004F2642 /* Release */ = {
			isa = XCBuildConfiguration;
			buildSettings = {
				HEADER_SEARCH_PATHS = (
					"$(inherited)",
					/Applications/Xcode.app/Contents/Developer/Toolchains/XcodeDefault.xctoolchain/usr/include,
					"$(SRCROOT)/../../react-native/React/**",
					"$(SRCROOT)/../../../React/**",
				);
				OTHER_LDFLAGS = "-ObjC";
				PRODUCT_NAME = "$(TARGET_NAME)";
				SKIP_INSTALL = YES;
			};
			name = Release;
		};
		FA00000000000000000000D3 /* Debug */ = {
			isa = XCBuildConfiguration;
			buildSettings = {
				CLANG_ENABLE_MODULES = YES;
				HEADER_SEARCH_PATHS = (
					"$(inherited)",
					"$(SRCROOT)",
					"$(SRCROOT)/ReactStubs",
				);
				INFOPLIST_FILE = RSSignatureCaptureTests/Info.plist;
				IPHONEOS_DEPLOYMENT_TARGET = 13.0;
				PRODUCT_BUNDLE_IDENTIFIER = com.rssignaturecapture.tests;
				PRODUCT_NAME = "$(TARGET_NAME)";
			};
			name = Debug;
		};
		FA00000000000000000000D4 /* Release */ = {
			isa = XCBuildConfiguration;
			buildSettings = {
				CLANG_ENABLE_MODULES = YES;
				HEADER_SEARCH_PATHS = (
					"$(inherited)",
					"$(SRCROOT)",
					"$(SRCROOT)/ReactStubs",
				);
				INFOPLIST_FILE = RSSignatureCaptureTests/Info.plist;
				IPHONEOS_DEPLOYMENT_TARGET = 13.0;
				PRODUCT_BUNDLE_IDENTIFIER = com.rssignaturecapture.tests;
				PRODUCT_NAME = "$(TARGET_NAME)";
			};
			name = Release;
		};
/* End XCBuildConfiguration section */

/* Begin XCConfigurationList section */
		0C53A9991B56113D004F2642 /* Build configuration list for PBXProject "RSSignatureCapture" */ = {
			isa = XCConfigurationList;
			buildConfigurations = (
				0C53A9B01B56113D004F2642 /* Debug */,
				0C53A9B11B56113D004F2642 /* Release */,
			);
			defaultConfigurationIsVisible = 0;
			defaultConfigurationName = Release;
		};
		0C53A9B21B56113D004F2642 /* Build configuration list for PBXNativeTarget "RSSignatureCapture" */ = {
			isa = XCConfigurationList;
			buildConfigurations = (
				0C53A9B31B56113D004F2642 /* Debug */,
				0C53A9B41B56113D004F2642 /* Release */,
			);
			defaultConfigurationIsVisible = 0;
			defaultConfigurationName = Release;
		};
		FA00000000000000000000D2 /* Build configuration list for PBXNativeTarget "RSSignatureCaptureTests" */ = {
			isa = XCConfigurationList;
			buildConfigurations = (
				FA00000000000000000000D3 /* Debug */,
				FA00000000000000000000D4 /* Release */,
			);
			defaultConfigurationIsVisible = 0;
			defaultConfigurationName = Release;
		};
/* End XCConfigurationList section */
	};
	rootObject = 0C53A9961B56113D004F2642 /* Project object */;
}
